Microsoft Visual Studio Solution File, Format Version 11.00
# Visual Studio 2008

Project("{C31B8AAE-8152-C6A4-5045-922939AFED6D}") = "ZTA-test", "Assembly-CSharp.csproj", "{A24C17E0-2563-5F9B-BA14-9DFA95474290}"
EndProject
Project("{C31B8AAE-8152-C6A4-5045-922939AFED6D}") = "ZTA-test", "Assembly-CSharp-Editor.csproj", "{C1E39F40-0A1D-D465-775C-1A493F16C0FC}"
EndProject
Global
	GlobalSection(SolutionConfigurationPlatforms) = preSolution
		Debug|Any CPU = Debug|Any CPU
		Release|Any CPU = Release|Any CPU
	EndGlobalSection
	GlobalSection(ProjectConfigurationPlatforms) = postSolution
		{A24C17E0-2563-5F9B-BA14-9DFA95474290}.Debug|Any CPU.ActiveCfg = Debug|Any CPU
		{A24C17E0-2563-5F9B-BA14-9DFA95474290}.Debug|Any CPU.Build.0 = Debug|Any CPU
		{A24C17E0-2563-5F9B-BA14-9DFA95474290}.Release|Any CPU.ActiveCfg = Release|Any CPU
		{A24C17E0-2563-5F9B-BA14-9DFA95474290}.Release|Any CPU.Build.0 = Release|Any CPU
		{C1E39F40-0A1D-D465-775C-1A493F16C0FC}.Debug|Any CPU.ActiveCfg = Debug|Any CPU
		{C1E39F40-0A1D-D465-775C-1A493F16C0FC}.Debug|Any CPU.Build.0 = Debug|Any CPU
		{C1E39F40-0A1D-D465-775C-1A493F16C0FC}.Release|Any CPU.ActiveCfg = Release|Any CPU
		{C1E39F40-0A1D-D465-775C-1A493F16C0FC}.Release|Any CPU.Build.0 = Release|Any CPU
	EndGlobalSection
	GlobalSection(SolutionProperties) = preSolution
		HideSolutionNode = FALSE
	EndGlobalSection
	GlobalSection(MonoDevelopProperties) = preSolution
		StartupItem = Assembly-CSharp.csproj
	EndGlobalSection
EndGlobal
